
Microsoft Visual Studio Solution File, Format Version 12.00
# Visual Studio Version 17
VisualStudioVersion = 17.12.35527.113
MinimumVisualStudioVersion = 10.0.40219.1
Project("{FAE04EC0-301F-11D3-BF4B-00C04F79EFBC}") = "EntraIDCustomAuthenticationExtensionsIsolated", "src\EntraIDCustomAuthenticationExtensionsIsolated\EntraIDCustomAuthenticationExtensionsIsolated.csproj", "{0EC973F0-2CBF-47AA-B2ED-A7FD9980F18B}"
EndProject
Project("{FAE04EC0-301F-11D3-BF4B-00C04F79EFBC}") = "EntraIDCustomAuthenticationExtensionsInProcess", "src\EntraIDCustomAuthenticationExtensionsInProcess\EntraIDCustomAuthenticationExtensionsInProcess.csproj", "{5C73F51D-51E4-4A1F-BE69-E6B291874742}"
EndProject
Global
	GlobalSection(SolutionConfigurationPlatforms) = preSolution
		Debug|Any CPU = Debug|Any CPU
		Release|Any CPU = Release|Any CPU
	EndGlobalSection
	GlobalSection(ProjectConfigurationPlatforms) = postSolution
		{0EC973F0-2CBF-47AA-B2ED-A7FD9980F18B}.Debug|Any CPU.ActiveCfg = Debug|Any CPU
		{0EC973F0-2CBF-47AA-B2ED-A7FD9980F18B}.Debug|Any CPU.Build.0 = Debug|Any CPU
		{0EC973F0-2CBF-47AA-B2ED-A7FD9980F18B}.Release|Any CPU.ActiveCfg = Release|Any CPU
		{0EC973F0-2CBF-47AA-B2ED-A7FD9980F18B}.Release|Any CPU.Build.0 = Release|Any CPU
		{5C73F51D-51E4-4A1F-BE69-E6B291874742}.Debug|Any CPU.ActiveCfg = Debug|Any CPU
		{5C73F51D-51E4-4A1F-BE69-E6B291874742}.Debug|Any CPU.Build.0 = Debug|Any CPU
		{5C73F51D-51E4-4A1F-BE69-E6B291874742}.Release|Any CPU.ActiveCfg = Release|Any CPU
		{5C73F51D-51E4-4A1F-BE69-E6B291874742}.Release|Any CPU.Build.0 = Release|Any CPU
	EndGlobalSection
	GlobalSection(SolutionProperties) = preSolution
		HideSolutionNode = FALSE
	EndGlobalSection
EndGlobal
